// !$*UTF8*$!
{
	archiveVersion = 1;
	classes = {
	};
	objectVersion = 46;
	objects = {

/* Begin PBXBuildFile section */
		1600FF157567900C11290812 /* Pods_Eventify.framework in Frameworks */ = {isa = PBXBuildFile; fileRef = 1A434F16EF586BE1A66742A2 /* Pods_Eventify.framework */; };
		36001AD91F83C7A20031A1EE /* Duration.swift in Sources */ = {isa = PBXBuildFile; fileRef = 36001ACF1F83C7A20031A1EE /* Duration.swift */; };
		36001ADA1F83C7A20031A1EE /* Int+Timepiece.swift in Sources */ = {isa = PBXBuildFile; fileRef = 36001AD01F83C7A20031A1EE /* Int+Timepiece.swift */; };
		36001ADB1F83C7A20031A1EE /* NSCalendar+Timepiece.swift in Sources */ = {isa = PBXBuildFile; fileRef = 36001AD11F83C7A20031A1EE /* NSCalendar+Timepiece.swift */; };
		36001ADC1F83C7A20031A1EE /* NSDate+Timepiece.swift in Sources */ = {isa = PBXBuildFile; fileRef = 36001AD21F83C7A20031A1EE /* NSDate+Timepiece.swift */; };
		36001ADD1F83C7A20031A1EE /* NSDateComponents+Timepiece.swift in Sources */ = {isa = PBXBuildFile; fileRef = 36001AD31F83C7A20031A1EE /* NSDateComponents+Timepiece.swift */; };
		36001ADE1F83C7A20031A1EE /* String+Timepiece.swift in Sources */ = {isa = PBXBuildFile; fileRef = 36001AD41F83C7A20031A1EE /* String+Timepiece.swift */; };
		36001ADF1F83C7A20031A1EE /* WWCalendarTimeSelector.storyboard in Resources */ = {isa = PBXBuildFile; fileRef = 36001AD51F83C7A20031A1EE /* WWCalendarTimeSelector.storyboard */; };
		36001AE01F83C7A20031A1EE /* WWCalendarTimeSelector.swift in Sources */ = {isa = PBXBuildFile; fileRef = 36001AD61F83C7A20031A1EE /* WWCalendarTimeSelector.swift */; };
		36001AE21F83F8360031A1EE /* Extensions+Double.swift in Sources */ = {isa = PBXBuildFile; fileRef = 36001AE11F83F8360031A1EE /* Extensions+Double.swift */; };
		36001B061F8747C40031A1EE /* TypeEventServices.swift in Sources */ = {isa = PBXBuildFile; fileRef = 36001B051F8747C40031A1EE /* TypeEventServices.swift */; };
		36001B091F874A7C0031A1EE /* EventTypesVC.swift in Sources */ = {isa = PBXBuildFile; fileRef = 36001B081F874A7C0031A1EE /* EventTypesVC.swift */; };
		36001B0D1F875ED10031A1EE /* EventTypeCell.swift in Sources */ = {isa = PBXBuildFile; fileRef = 36001B0B1F875ED10031A1EE /* EventTypeCell.swift */; };
		36001B0E1F875ED10031A1EE /* EventTypeCell.xib in Resources */ = {isa = PBXBuildFile; fileRef = 36001B0C1F875ED10031A1EE /* EventTypeCell.xib */; };
		36001B121F8775160031A1EE /* SettingsVC.swift in Sources */ = {isa = PBXBuildFile; fileRef = 36001B111F8775160031A1EE /* SettingsVC.swift */; };
		362C5E021F8093C10033F9DB /* TicketsManagerVC.swift in Sources */ = {isa = PBXBuildFile; fileRef = 362C5E011F8093C10033F9DB /* TicketsManagerVC.swift */; };
		362C5E051F8094800033F9DB /* NewTicketVC.swift in Sources */ = {isa = PBXBuildFile; fileRef = 362C5E041F8094800033F9DB /* NewTicketVC.swift */; };
		362C5E071F809E290033F9DB /* TicketObject.swift in Sources */ = {isa = PBXBuildFile; fileRef = 362C5E061F809E290033F9DB /* TicketObject.swift */; };
		362C5E091F809F150033F9DB /* TicketManager.swift in Sources */ = {isa = PBXBuildFile; fileRef = 362C5E081F809F150033F9DB /* TicketManager.swift */; };
		362C5E0B1F80A1930033F9DB /* Extensions+Int.swift in Sources */ = {isa = PBXBuildFile; fileRef = 362C5E0A1F80A1930033F9DB /* Extensions+Int.swift */; };
		362C5E0F1F80ADF20033F9DB /* TicketCells.swift in Sources */ = {isa = PBXBuildFile; fileRef = 362C5E0D1F80ADF20033F9DB /* TicketCells.swift */; };
		362C5E101F80ADF20033F9DB /* TicketCells.xib in Resources */ = {isa = PBXBuildFile; fileRef = 362C5E0E1F80ADF20033F9DB /* TicketCells.xib */; };
		362C5E121F810CD10033F9DB /* EventObject.swift in Sources */ = {isa = PBXBuildFile; fileRef = 362C5E111F810CD10033F9DB /* EventObject.swift */; };
		362C5E141F810D760033F9DB /* EventTypeObject.swift in Sources */ = {isa = PBXBuildFile; fileRef = 362C5E131F810D760033F9DB /* EventTypeObject.swift */; };
		367F3BEC1F7E34EB002222EB /* AppDelegate.swift in Sources */ = {isa = PBXBuildFile; fileRef = 367F3BCF1F7E34EB002222EB /* AppDelegate.swift */; };
		367F3BED1F7E34EB002222EB /* Extensions+Data.swift in Sources */ = {isa = PBXBuildFile; fileRef = 367F3BD11F7E34EB002222EB /* Extensions+Data.swift */; };
		367F3BEE1F7E34EB002222EB /* Extensions+Date.swift in Sources */ = {isa = PBXBuildFile; fileRef = 367F3BD21F7E34EB002222EB /* Extensions+Date.swift */; };
		367F3BEF1F7E34EB002222EB /* Extensions+HTTPURLResponse.swift in Sources */ = {isa = PBXBuildFile; fileRef = 367F3BD31F7E34EB002222EB /* Extensions+HTTPURLResponse.swift */; };
		367F3BF01F7E34EB002222EB /* Extensions+NSError.swift in Sources */ = {isa = PBXBuildFile; fileRef = 367F3BD41F7E34EB002222EB /* Extensions+NSError.swift */; };
		367F3BF11F7E34EB002222EB /* Extensions+String.swift in Sources */ = {isa = PBXBuildFile; fileRef = 367F3BD51F7E34EB002222EB /* Extensions+String.swift */; };
		367F3BF21F7E34EB002222EB /* Extensions+UIActivityIndicatorView.swift in Sources */ = {isa = PBXBuildFile; fileRef = 367F3BD61F7E34EB002222EB /* Extensions+UIActivityIndicatorView.swift */; };
		367F3BF31F7E34EB002222EB /* Extensions+UIImageView.swift in Sources */ = {isa = PBXBuildFile; fileRef = 367F3BD71F7E34EB002222EB /* Extensions+UIImageView.swift */; };
		367F3BF41F7E34EB002222EB /* Extensions+UINavigationController.swift in Sources */ = {isa = PBXBuildFile; fileRef = 367F3BD81F7E34EB002222EB /* Extensions+UINavigationController.swift */; };
		367F3BF51F7E34EB002222EB /* EventServices.swift in Sources */ = {isa = PBXBuildFile; fileRef = 367F3BDD1F7E34EB002222EB /* EventServices.swift */; };
		367F3BF61F7E34EB002222EB /* UserServices.swift in Sources */ = {isa = PBXBuildFile; fileRef = 367F3BDE1F7E34EB002222EB /* UserServices.swift */; };
		367F3BF91F7E34EB002222EB /* LaunchScreen.storyboard in Resources */ = {isa = PBXBuildFile; fileRef = 367F3BE81F7E34EB002222EB /* LaunchScreen.storyboard */; };
		367F3BFA1F7E34EB002222EB /* Main.storyboard in Resources */ = {isa = PBXBuildFile; fileRef = 367F3BE91F7E34EB002222EB /* Main.storyboard */; };
		367F3BFD1F7E3537002222EB /* UserObject.swift in Sources */ = {isa = PBXBuildFile; fileRef = 367F3BFC1F7E3537002222EB /* UserObject.swift */; };
		367F3BFF1F7E35C4002222EB /* LaunchVC.swift in Sources */ = {isa = PBXBuildFile; fileRef = 367F3BFE1F7E35C4002222EB /* LaunchVC.swift */; };
		367F3C011F7E35F3002222EB /* ForgotPasswordVC.swift in Sources */ = {isa = PBXBuildFile; fileRef = 367F3C001F7E35F3002222EB /* ForgotPasswordVC.swift */; };
		367F3C0E1F7E35FD002222EB /* ProfileVC.swift in Sources */ = {isa = PBXBuildFile; fileRef = 367F3C091F7E35FD002222EB /* ProfileVC.swift */; };
		367F3C101F7E360A002222EB /* SignInVC.swift in Sources */ = {isa = PBXBuildFile; fileRef = 367F3C0F1F7E360A002222EB /* SignInVC.swift */; };
		367F3C121F7E3612002222EB /* SignUpVC.swift in Sources */ = {isa = PBXBuildFile; fileRef = 367F3C111F7E3612002222EB /* SignUpVC.swift */; };
		367F3C141F7E3639002222EB /* Images.xcassets in Resources */ = {isa = PBXBuildFile; fileRef = 367F3C131F7E3639002222EB /* Images.xcassets */; };
		367F3C161F7E375D002222EB /* Extensions+UIViewController.swift in Sources */ = {isa = PBXBuildFile; fileRef = 367F3C151F7E375D002222EB /* Extensions+UIViewController.swift */; };
		367F3C181F7E37C3002222EB /* Helpers.swift in Sources */ = {isa = PBXBuildFile; fileRef = 367F3C171F7E37C3002222EB /* Helpers.swift */; };
		3699BFBF1F7E435100D37DDC /* GoogleService-Info.plist in Resources */ = {isa = PBXBuildFile; fileRef = 3699BFBE1F7E435100D37DDC /* GoogleService-Info.plist */; };
		36B7622C1F7E9C83009D3BE9 /* DetailEventVC.swift in Sources */ = {isa = PBXBuildFile; fileRef = 36B762281F7E9C83009D3BE9 /* DetailEventVC.swift */; };
		36B7622D1F7E9C83009D3BE9 /* EventsCell.swift in Sources */ = {isa = PBXBuildFile; fileRef = 36B7622A1F7E9C83009D3BE9 /* EventsCell.swift */; };
		36B7622E1F7E9C83009D3BE9 /* EventsCell.xib in Resources */ = {isa = PBXBuildFile; fileRef = 36B7622B1F7E9C83009D3BE9 /* EventsCell.xib */; };
		36B762341F7E9CF5009D3BE9 /* DiscoverVC.swift in Sources */ = {isa = PBXBuildFile; fileRef = 36B762331F7E9CF5009D3BE9 /* DiscoverVC.swift */; };
		36B762371F7E9D32009D3BE9 /* EditProfileVC.swift in Sources */ = {isa = PBXBuildFile; fileRef = 36B762361F7E9D32009D3BE9 /* EditProfileVC.swift */; };
		36B7623A1F7FB2CB009D3BE9 /* NewEventVC.swift in Sources */ = {isa = PBXBuildFile; fileRef = 36B762391F7FB2CB009D3BE9 /* NewEventVC.swift */; };
/* End PBXBuildFile section */

/* Begin PBXFileReference section */
		1A434F16EF586BE1A66742A2 /* Pods_Eventify.framework */ = {isa = PBXFileReference; explicitFileType = wrapper.framework; includeInIndex = 0; path = Pods_Eventify.framework; sourceTree = BUILT_PRODUCTS_DIR; };
		36001ACF1F83C7A20031A1EE /* Duration.swift */ = {isa = PBXFileReference; fileEncoding = 4; lastKnownFileType = sourcecode.swift; path = Duration.swift; sourceTree = "<group>"; };
		36001AD01F83C7A20031A1EE /* Int+Timepiece.swift */ = {isa = PBXFileReference; fileEncoding = 4; lastKnownFileType = sourcecode.swift; path = "Int+Timepiece.swift"; sourceTree = "<group>"; };
		36001AD11F83C7A20031A1EE /* NSCalendar+Timepiece.swift */ = {isa = PBXFileReference; fileEncoding = 4; lastKnownFileType = sourcecode.swift; path = "NSCalendar+Timepiece.swift"; sourceTree = "<group>"; };
		36001AD21F83C7A20031A1EE /* NSDate+Timepiece.swift */ = {isa = PBXFileReference; fileEncoding = 4; lastKnownFileType = sourcecode.swift; path = "NSDate+Timepiece.swift"; sourceTree = "<group>"; };
		36001AD31F83C7A20031A1EE /* NSDateComponents+Timepiece.swift */ = {isa = PBXFileReference; fileEncoding = 4; lastKnownFileType = sourcecode.swift; path = "NSDateComponents+Timepiece.swift"; sourceTree = "<group>"; };
		36001AD41F83C7A20031A1EE /* String+Timepiece.swift */ = {isa = PBXFileReference; fileEncoding = 4; lastKnownFileType = sourcecode.swift; path = "String+Timepiece.swift"; sourceTree = "<group>"; };
		36001AD51F83C7A20031A1EE /* WWCalendarTimeSelector.storyboard */ = {isa = PBXFileReference; fileEncoding = 4; lastKnownFileType = file.storyboard; path = WWCalendarTimeSelector.storyboard; sourceTree = "<group>"; };
		36001AD61F83C7A20031A1EE /* WWCalendarTimeSelector.swift */ = {isa = PBXFileReference; fileEncoding = 4; lastKnownFileType = sourcecode.swift; path = WWCalendarTimeSelector.swift; sourceTree = "<group>"; };
		36001AE11F83F8360031A1EE /* Extensions+Double.swift */ = {isa = PBXFileReference; fileEncoding = 4; lastKnownFileType = sourcecode.swift; path = "Extensions+Double.swift"; sourceTree = "<group>"; };
		36001B051F8747C40031A1EE /* TypeEventServices.swift */ = {isa = PBXFileReference; fileEncoding = 4; lastKnownFileType = sourcecode.swift; path = TypeEventServices.swift; sourceTree = "<group>"; };
		36001B081F874A7C0031A1EE /* EventTypesVC.swift */ = {isa = PBXFileReference; fileEncoding = 4; lastKnownFileType = sourcecode.swift; path = EventTypesVC.swift; sourceTree = "<group>"; };
		36001B0B1F875ED10031A1EE /* EventTypeCell.swift */ = {isa = PBXFileReference; fileEncoding = 4; lastKnownFileType = sourcecode.swift; path = EventTypeCell.swift; sourceTree = "<group>"; };
		36001B0C1F875ED10031A1EE /* EventTypeCell.xib */ = {isa = PBXFileReference; fileEncoding = 4; lastKnownFileType = file.xib; path = EventTypeCell.xib; sourceTree = "<group>"; };
		36001B111F8775160031A1EE /* SettingsVC.swift */ = {isa = PBXFileReference; fileEncoding = 4; lastKnownFileType = sourcecode.swift; path = SettingsVC.swift; sourceTree = "<group>"; };
		362C5E011F8093C10033F9DB /* TicketsManagerVC.swift */ = {isa = PBXFileReference; fileEncoding = 4; lastKnownFileType = sourcecode.swift; path = TicketsManagerVC.swift; sourceTree = "<group>"; };
		362C5E041F8094800033F9DB /* NewTicketVC.swift */ = {isa = PBXFileReference; fileEncoding = 4; lastKnownFileType = sourcecode.swift; path = NewTicketVC.swift; sourceTree = "<group>"; };
		362C5E061F809E290033F9DB /* TicketObject.swift */ = {isa = PBXFileReference; fileEncoding = 4; lastKnownFileType = sourcecode.swift; path = TicketObject.swift; sourceTree = "<group>"; };
		362C5E081F809F150033F9DB /* TicketManager.swift */ = {isa = PBXFileReference; fileEncoding = 4; lastKnownFileType = sourcecode.swift; path = TicketManager.swift; sourceTree = "<group>"; };
		362C5E0A1F80A1930033F9DB /* Extensions+Int.swift */ = {isa = PBXFileReference; fileEncoding = 4; lastKnownFileType = sourcecode.swift; path = "Extensions+Int.swift"; sourceTree = "<group>"; };
		362C5E0D1F80ADF20033F9DB /* TicketCells.swift */ = {isa = PBXFileReference; fileEncoding = 4; lastKnownFileType = sourcecode.swift; path = TicketCells.swift; sourceTree = "<group>"; };
		362C5E0E1F80ADF20033F9DB /* TicketCells.xib */ = {isa = PBXFileReference; fileEncoding = 4; lastKnownFileType = file.xib; path = TicketCells.xib; sourceTree = "<group>"; };
		362C5E111F810CD10033F9DB /* EventObject.swift */ = {isa = PBXFileReference; fileEncoding = 4; lastKnownFileType = sourcecode.swift; path = EventObject.swift; sourceTree = "<group>"; };
		362C5E131F810D760033F9DB /* EventTypeObject.swift */ = {isa = PBXFileReference; fileEncoding = 4; lastKnownFileType = sourcecode.swift; path = EventTypeObject.swift; sourceTree = "<group>"; };
		367F3BB81F7E337D002222EB /* Eventify.app */ = {isa = PBXFileReference; explicitFileType = wrapper.application; includeInIndex = 0; path = Eventify.app; sourceTree = BUILT_PRODUCTS_DIR; };
		367F3BCF1F7E34EB002222EB /* AppDelegate.swift */ = {isa = PBXFileReference; fileEncoding = 4; lastKnownFileType = sourcecode.swift; path = AppDelegate.swift; sourceTree = "<group>"; };
		367F3BD11F7E34EB002222EB /* Extensions+Data.swift */ = {isa = PBXFileReference; fileEncoding = 4; lastKnownFileType = sourcecode.swift; path = "Extensions+Data.swift"; sourceTree = "<group>"; };
		367F3BD21F7E34EB002222EB /* Extensions+Date.swift */ = {isa = PBXFileReference; fileEncoding = 4; lastKnownFileType = sourcecode.swift; path = "Extensions+Date.swift"; sourceTree = "<group>"; };
		367F3BD31F7E34EB002222EB /* Extensions+HTTPURLResponse.swift */ = {isa = PBXFileReference; fileEncoding = 4; lastKnownFileType = sourcecode.swift; path = "Extensions+HTTPURLResponse.swift"; sourceTree = "<group>"; };
		367F3BD41F7E34EB002222EB /* Extensions+NSError.swift */ = {isa = PBXFileReference; fileEncoding = 4; lastKnownFileType = sourcecode.swift; path = "Extensions+NSError.swift"; sourceTree = "<group>"; };
		367F3BD51F7E34EB002222EB /* Extensions+String.swift */ = {isa = PBXFileReference; fileEncoding = 4; lastKnownFileType = sourcecode.swift; path = "Extensions+String.swift"; sourceTree = "<group>"; };
		367F3BD61F7E34EB002222EB /* Extensions+UIActivityIndicatorView.swift */ = {isa = PBXFileReference; fileEncoding = 4; lastKnownFileType = sourcecode.swift; path = "Extensions+UIActivityIndicatorView.swift"; sourceTree = "<group>"; };
		367F3BD71F7E34EB002222EB /* Extensions+UIImageView.swift */ = {isa = PBXFileReference; fileEncoding = 4; lastKnownFileType = sourcecode.swift; path = "Extensions+UIImageView.swift"; sourceTree = "<group>"; };
		367F3BD81F7E34EB002222EB /* Extensions+UINavigationController.swift */ = {isa = PBXFileReference; fileEncoding = 4; lastKnownFileType = sourcecode.swift; path = "Extensions+UINavigationController.swift"; sourceTree = "<group>"; };
		367F3BDD1F7E34EB002222EB /* EventServices.swift */ = {isa = PBXFileReference; fileEncoding = 4; lastKnownFileType = sourcecode.swift; path = EventServices.swift; sourceTree = "<group>"; };
		367F3BDE1F7E34EB002222EB /* UserServices.swift */ = {isa = PBXFileReference; fileEncoding = 4; lastKnownFileType = sourcecode.swift; path = UserServices.swift; sourceTree = "<group>"; };
		367F3BE81F7E34EB002222EB /* LaunchScreen.storyboard */ = {isa = PBXFileReference; fileEncoding = 4; lastKnownFileType = file.storyboard; path = LaunchScreen.storyboard; sourceTree = "<group>"; };
		367F3BE91F7E34EB002222EB /* Main.storyboard */ = {isa = PBXFileReference; fileEncoding = 4; lastKnownFileType = file.storyboard; path = Main.storyboard; sourceTree = "<group>"; };
		367F3BEB1F7E34EB002222EB /* Info.plist */ = {isa = PBXFileReference; fileEncoding = 4; lastKnownFileType = text.plist.xml; path = Info.plist; sourceTree = "<group>"; };
		367F3BFC1F7E3537002222EB /* UserObject.swift */ = {isa = PBXFileReference; fileEncoding = 4; lastKnownFileType = sourcecode.swift; path = UserObject.swift; sourceTree = "<group>"; };
		367F3BFE1F7E35C4002222EB /* LaunchVC.swift */ = {isa = PBXFileReference; fileEncoding = 4; lastKnownFileType = sourcecode.swift; path = LaunchVC.swift; sourceTree = "<group>"; };
		367F3C001F7E35F3002222EB /* ForgotPasswordVC.swift */ = {isa = PBXFileReference; fileEncoding = 4; lastKnownFileType = sourcecode.swift; path = ForgotPasswordVC.swift; sourceTree = "<group>"; };
		367F3C091F7E35FD002222EB /* ProfileVC.swift */ = {isa = PBXFileReference; fileEncoding = 4; lastKnownFileType = sourcecode.swift; path = ProfileVC.swift; sourceTree = "<group>"; };
		367F3C0F1F7E360A002222EB /* SignInVC.swift */ = {isa = PBXFileReference; fileEncoding = 4; lastKnownFileType = sourcecode.swift; path = SignInVC.swift; sourceTree = "<group>"; };
		367F3C111F7E3612002222EB /* SignUpVC.swift */ = {isa = PBXFileReference; fileEncoding = 4; lastKnownFileType = sourcecode.swift; path = SignUpVC.swift; sourceTree = "<group>"; };
		367F3C131F7E3639002222EB /* Images.xcassets */ = {isa = PBXFileReference; lastKnownFileType = folder.assetcatalog; path = Images.xcassets; sourceTree = "<group>"; };
		367F3C151F7E375D002222EB /* Extensions+UIViewController.swift */ = {isa = PBXFileReference; fileEncoding = 4; lastKnownFileType = sourcecode.swift; path = "Extensions+UIViewController.swift"; sourceTree = "<group>"; };
		367F3C171F7E37C3002222EB /* Helpers.swift */ = {isa = PBXFileReference; fileEncoding = 4; lastKnownFileType = sourcecode.swift; path = Helpers.swift; sourceTree = "<group>"; };
		3699BFBE1F7E435100D37DDC /* GoogleService-Info.plist */ = {isa = PBXFileReference; fileEncoding = 4; lastKnownFileType = text.plist.xml; path = "GoogleService-Info.plist"; sourceTree = "<group>"; };
		36B762281F7E9C83009D3BE9 /* DetailEventVC.swift */ = {isa = PBXFileReference; fileEncoding = 4; lastKnownFileType = sourcecode.swift; path = DetailEventVC.swift; sourceTree = "<group>"; };
		36B7622A1F7E9C83009D3BE9 /* EventsCell.swift */ = {isa = PBXFileReference; fileEncoding = 4; lastKnownFileType = sourcecode.swift; path = EventsCell.swift; sourceTree = "<group>"; };
		36B7622B1F7E9C83009D3BE9 /* EventsCell.xib */ = {isa = PBXFileReference; fileEncoding = 4; lastKnownFileType = file.xib; path = EventsCell.xib; sourceTree = "<group>"; };
		36B762331F7E9CF5009D3BE9 /* DiscoverVC.swift */ = {isa = PBXFileReference; fileEncoding = 4; lastKnownFileType = sourcecode.swift; path = DiscoverVC.swift; sourceTree = "<group>"; };
		36B762361F7E9D32009D3BE9 /* EditProfileVC.swift */ = {isa = PBXFileReference; fileEncoding = 4; lastKnownFileType = sourcecode.swift; path = EditProfileVC.swift; sourceTree = "<group>"; };
		36B762391F7FB2CB009D3BE9 /* NewEventVC.swift */ = {isa = PBXFileReference; fileEncoding = 4; lastKnownFileType = sourcecode.swift; path = NewEventVC.swift; sourceTree = "<group>"; };
		84574092EFF458EE0F57B42B /* Pods-Eventify.debug.xcconfig */ = {isa = PBXFileReference; includeInIndex = 1; lastKnownFileType = text.xcconfig; name = "Pods-Eventify.debug.xcconfig"; path = "Pods/Target Support Files/Pods-Eventify/Pods-Eventify.debug.xcconfig"; sourceTree = "<group>"; };
		CE4C4C96B1CFBB71E8A2529A /* Pods-Eventify.release.xcconfig */ = {isa = PBXFileReference; includeInIndex = 1; lastKnownFileType = text.xcconfig; name = "Pods-Eventify.release.xcconfig"; path = "Pods/Target Support Files/Pods-Eventify/Pods-Eventify.release.xcconfig"; sourceTree = "<group>"; };
/* End PBXFileReference section */

/* Begin PBXFrameworksBuildPhase section */
		367F3BB51F7E337D002222EB /* Frameworks */ = {
			isa = PBXFrameworksBuildPhase;
			buildActionMask = 2147483647;
			files = (
				1600FF157567900C11290812 /* Pods_Eventify.framework in Frameworks */,
			);
			runOnlyForDeploymentPostprocessing = 0;
		};
/* End PBXFrameworksBuildPhase section */

/* Begin PBXGroup section */
		25E6E15A33BD89295462B165 /* Pods */ = {
			isa = PBXGroup;
			children = (
				84574092EFF458EE0F57B42B /* Pods-Eventify.debug.xcconfig */,
				CE4C4C96B1CFBB71E8A2529A /* Pods-Eventify.release.xcconfig */,
			);
			name = Pods;
			sourceTree = "<group>";
		};
		36001ACB1F83C7A20031A1EE /* WWCalendarTimeSelector */ = {
			isa = PBXGroup;
			children = (
				36001ACE1F83C7A20031A1EE /* Sources */,
			);
			path = WWCalendarTimeSelector;
			sourceTree = "<group>";
		};
		36001ACE1F83C7A20031A1EE /* Sources */ = {
			isa = PBXGroup;
			children = (
				36001ACF1F83C7A20031A1EE /* Duration.swift */,
				36001AD01F83C7A20031A1EE /* Int+Timepiece.swift */,
				36001AD11F83C7A20031A1EE /* NSCalendar+Timepiece.swift */,
				36001AD21F83C7A20031A1EE /* NSDate+Timepiece.swift */,
				36001AD31F83C7A20031A1EE /* NSDateComponents+Timepiece.swift */,
				36001AD41F83C7A20031A1EE /* String+Timepiece.swift */,
				36001AD51F83C7A20031A1EE /* WWCalendarTimeSelector.storyboard */,
				36001AD61F83C7A20031A1EE /* WWCalendarTimeSelector.swift */,
			);
			path = Sources;
			sourceTree = "<group>";
		};
		36001B071F874A690031A1EE /* EventTypes */ = {
			isa = PBXGroup;
			children = (
				36001B0A1F875EB80031A1EE /* EventTypeCell */,
				36001B081F874A7C0031A1EE /* EventTypesVC.swift */,
			);
			path = EventTypes;
			sourceTree = "<group>";
		};
		36001B0A1F875EB80031A1EE /* EventTypeCell */ = {
			isa = PBXGroup;
			children = (
				36001B0B1F875ED10031A1EE /* EventTypeCell.swift */,
				36001B0C1F875ED10031A1EE /* EventTypeCell.xib */,
			);
			path = EventTypeCell;
			sourceTree = "<group>";
		};
		36001B0F1F8774FF0031A1EE /* Notify */ = {
			isa = PBXGroup;
			children = (
			);
			path = Notify;
			sourceTree = "<group>";
		};
		36001B101F8774FF0031A1EE /* Settings */ = {
			isa = PBXGroup;
			children = (
				36001B111F8775160031A1EE /* SettingsVC.swift */,
			);
			path = Settings;
			sourceTree = "<group>";
		};
		362C5E001F8093B20033F9DB /* Tickets */ = {
			isa = PBXGroup;
			children = (
				362C5E0C1F80ADD90033F9DB /* TicketCells */,
				362C5E031F8094740033F9DB /* NewTicket */,
				36001B071F874A690031A1EE /* EventTypes */,
				362C5E011F8093C10033F9DB /* TicketsManagerVC.swift */,
			);
			path = Tickets;
			sourceTree = "<group>";
		};
		362C5E031F8094740033F9DB /* NewTicket */ = {
			isa = PBXGroup;
			children = (
				362C5E041F8094800033F9DB /* NewTicketVC.swift */,
			);
			path = NewTicket;
			sourceTree = "<group>";
		};
		362C5E0C1F80ADD90033F9DB /* TicketCells */ = {
			isa = PBXGroup;
			children = (
				362C5E0D1F80ADF20033F9DB /* TicketCells.swift */,
				362C5E0E1F80ADF20033F9DB /* TicketCells.xib */,
			);
			path = TicketCells;
			sourceTree = "<group>";
		};
		367F3BAF1F7E337D002222EB = {
			isa = PBXGroup;
			children = (
				367F3BBA1F7E337D002222EB /* Eventify */,
				367F3BB91F7E337D002222EB /* Products */,
				25E6E15A33BD89295462B165 /* Pods */,
				81AB7D1D523A169706645BAA /* Frameworks */,
			);
			sourceTree = "<group>";
		};
		367F3BB91F7E337D002222EB /* Products */ = {
			isa = PBXGroup;
			children = (
				367F3BB81F7E337D002222EB /* Eventify.app */,
			);
			name = Products;
			sourceTree = "<group>";
		};
		367F3BBA1F7E337D002222EB /* Eventify */ = {
			isa = PBXGroup;
			children = (
				367F3BCD1F7E34EB002222EB /* Classes */,
				367F3BE51F7E34EB002222EB /* Resources */,
				367F3BE71F7E34EB002222EB /* Storyboards */,
				367F3BEA1F7E34EB002222EB /* Supporting Files */,
			);
			path = Eventify;
			sourceTree = "<group>";
		};
		367F3BCD1F7E34EB002222EB /* Classes */ = {
			isa = PBXGroup;
			children = (
				367F3BCE1F7E34EB002222EB /* Apps */,
				367F3BD01F7E34EB002222EB /* Extensions */,
				367F3BD91F7E34EB002222EB /* Helpers */,
				367F3BDA1F7E34EB002222EB /* Managers */,
				367F3BDB1F7E34EB002222EB /* Models */,
				367F3BDC1F7E34EB002222EB /* Services */,
				367F3BDF1F7E34EB002222EB /* UIs */,
			);
			path = Classes;
			sourceTree = "<group>";
		};
		367F3BCE1F7E34EB002222EB /* Apps */ = {
			isa = PBXGroup;
			children = (
				367F3BFE1F7E35C4002222EB /* LaunchVC.swift */,
				367F3BCF1F7E34EB002222EB /* AppDelegate.swift */,
			);
			path = Apps;
			sourceTree = "<group>";
		};
		367F3BD01F7E34EB002222EB /* Extensions */ = {
			isa = PBXGroup;
			children = (
				367F3C151F7E375D002222EB /* Extensions+UIViewController.swift */,
				367F3BD11F7E34EB002222EB /* Extensions+Data.swift */,
				367F3BD21F7E34EB002222EB /* Extensions+Date.swift */,
				367F3BD31F7E34EB002222EB /* Extensions+HTTPURLResponse.swift */,
				367F3BD41F7E34EB002222EB /* Extensions+NSError.swift */,
				367F3BD51F7E34EB002222EB /* Extensions+String.swift */,
				367F3BD61F7E34EB002222EB /* Extensions+UIActivityIndicatorView.swift */,
				367F3BD71F7E34EB002222EB /* Extensions+UIImageView.swift */,
				367F3BD81F7E34EB002222EB /* Extensions+UINavigationController.swift */,
				362C5E0A1F80A1930033F9DB /* Extensions+Int.swift */,
				36001AE11F83F8360031A1EE /* Extensions+Double.swift */,
			);
			path = Extensions;
			sourceTree = "<group>";
		};
		367F3BD91F7E34EB002222EB /* Helpers */ = {
			isa = PBXGroup;
			children = (
				367F3C171F7E37C3002222EB /* Helpers.swift */,
			);
			path = Helpers;
			sourceTree = "<group>";
		};
		367F3BDA1F7E34EB002222EB /* Managers */ = {
			isa = PBXGroup;
			children = (
				362C5E081F809F150033F9DB /* TicketManager.swift */,
			);
			path = Managers;
			sourceTree = "<group>";
		};
		367F3BDB1F7E34EB002222EB /* Models */ = {
			isa = PBXGroup;
			children = (
				367F3BFC1F7E3537002222EB /* UserObject.swift */,
				362C5E061F809E290033F9DB /* TicketObject.swift */,
				362C5E111F810CD10033F9DB /* EventObject.swift */,
				362C5E131F810D760033F9DB /* EventTypeObject.swift */,
			);
			path = Models;
			sourceTree = "<group>";
		};
		367F3BDC1F7E34EB002222EB /* Services */ = {
			isa = PBXGroup;
			children = (
				367F3BDD1F7E34EB002222EB /* EventServices.swift */,
				367F3BDE1F7E34EB002222EB /* UserServices.swift */,
				36001B051F8747C40031A1EE /* TypeEventServices.swift */,
			);
			path = Services;
			sourceTree = "<group>";
		};
		367F3BDF1F7E34EB002222EB /* UIs */ = {
			isa = PBXGroup;
			children = (
				36001ACB1F83C7A20031A1EE /* WWCalendarTimeSelector */,
				367F3BE01F7E34EB002222EB /* ForgotPassword */,
				367F3BE11F7E34EB002222EB /* Home */,
				367F3BE21F7E34EB002222EB /* SignIn */,
				367F3BE31F7E34EB002222EB /* SignUp */,
			);
			path = UIs;
			sourceTree = "<group>";
		};
		367F3BE01F7E34EB002222EB /* ForgotPassword */ = {
			isa = PBXGroup;
			children = (
				367F3C001F7E35F3002222EB /* ForgotPasswordVC.swift */,
			);
			path = ForgotPassword;
			sourceTree = "<group>";
		};
		367F3BE11F7E34EB002222EB /* Home */ = {
			isa = PBXGroup;
			children = (
				36001B0F1F8774FF0031A1EE /* Notify */,
				36001B101F8774FF0031A1EE /* Settings */,
				36B762251F7E9BDF009D3BE9 /* Events */,
				367F3C081F7E35FD002222EB /* Profile */,
			);
			path = Home;
			sourceTree = "<group>";
		};
		367F3BE21F7E34EB002222EB /* SignIn */ = {
			isa = PBXGroup;
			children = (
				367F3C0F1F7E360A002222EB /* SignInVC.swift */,
			);
			path = SignIn;
			sourceTree = "<group>";
		};
		367F3BE31F7E34EB002222EB /* SignUp */ = {
			isa = PBXGroup;
			children = (
				367F3C111F7E3612002222EB /* SignUpVC.swift */,
			);
			path = SignUp;
			sourceTree = "<group>";
		};
		367F3BE51F7E34EB002222EB /* Resources */ = {
			isa = PBXGroup;
			children = (
				367F3C131F7E3639002222EB /* Images.xcassets */,
			);
			path = Resources;
			sourceTree = "<group>";
		};
		367F3BE71F7E34EB002222EB /* Storyboards */ = {
			isa = PBXGroup;
			children = (
				367F3BE81F7E34EB002222EB /* LaunchScreen.storyboard */,
				367F3BE91F7E34EB002222EB /* Main.storyboard */,
			);
			path = Storyboards;
			sourceTree = "<group>";
		};
		367F3BEA1F7E34EB002222EB /* Supporting Files */ = {
			isa = PBXGroup;
			children = (
				3699BFBE1F7E435100D37DDC /* GoogleService-Info.plist */,
				367F3BEB1F7E34EB002222EB /* Info.plist */,
			);
			path = "Supporting Files";
			sourceTree = "<group>";
		};
		367F3C081F7E35FD002222EB /* Profile */ = {
			isa = PBXGroup;
			children = (
				36B762351F7E9D1C009D3BE9 /* EditProfile */,
				367F3C091F7E35FD002222EB /* ProfileVC.swift */,
			);
			path = Profile;
			sourceTree = "<group>";
		};
		36B762251F7E9BDF009D3BE9 /* Events */ = {
			isa = PBXGroup;
			children = (
				36B762381F7FB283009D3BE9 /* NewEvent */,
				36B762271F7E9C83009D3BE9 /* DetailEvent */,
				36B762291F7E9C83009D3BE9 /* EventsCell */,
				36B762331F7E9CF5009D3BE9 /* DiscoverVC.swift */,
			);
			path = Events;
			sourceTree = "<group>";
		};
		36B762271F7E9C83009D3BE9 /* DetailEvent */ = {
			isa = PBXGroup;
			children = (
				36B762281F7E9C83009D3BE9 /* DetailEventVC.swift */,
			);
			path = DetailEvent;
			sourceTree = "<group>";
		};
		36B762291F7E9C83009D3BE9 /* EventsCell */ = {
			isa = PBXGroup;
			children = (
				36B7622A1F7E9C83009D3BE9 /* EventsCell.swift */,
				36B7622B1F7E9C83009D3BE9 /* EventsCell.xib */,
			);
			path = EventsCell;
			sourceTree = "<group>";
		};
		36B762351F7E9D1C009D3BE9 /* EditProfile */ = {
			isa = PBXGroup;
			children = (
				36B762361F7E9D32009D3BE9 /* EditProfileVC.swift */,
			);
			path = EditProfile;
			sourceTree = "<group>";
		};
		36B762381F7FB283009D3BE9 /* NewEvent */ = {
			isa = PBXGroup;
			children = (
				362C5E001F8093B20033F9DB /* Tickets */,
				36B762391F7FB2CB009D3BE9 /* NewEventVC.swift */,
			);
			path = NewEvent;
			sourceTree = "<group>";
		};
		81AB7D1D523A169706645BAA /* Frameworks */ = {
			isa = PBXGroup;
			children = (
				1A434F16EF586BE1A66742A2 /* Pods_Eventify.framework */,
			);
			name = Frameworks;
			sourceTree = "<group>";
		};
/* End PBXGroup section */

/* Begin PBXNativeTarget section */
		367F3BB71F7E337D002222EB /* Eventify */ = {
			isa = PBXNativeTarget;
			buildConfigurationList = 367F3BCA1F7E337D002222EB /* Build configuration list for PBXNativeTarget "Eventify" */;
			buildPhases = (
				51C38383B26B195E19BEDE06 /* [CP] Check Pods Manifest.lock */,
				367F3BB41F7E337D002222EB /* Sources */,
				367F3BB51F7E337D002222EB /* Frameworks */,
				367F3BB61F7E337D002222EB /* Resources */,
				8E7364A844F796350DE32B6E /* [CP] Embed Pods Frameworks */,
				4E606D4BDBFD5DD25E7623B7 /* [CP] Copy Pods Resources */,
			);
			buildRules = (
			);
			dependencies = (
			);
			name = Eventify;
			productName = Eventify;
			productReference = 367F3BB81F7E337D002222EB /* Eventify.app */;
			productType = "com.apple.product-type.application";
		};
/* End PBXNativeTarget section */

/* Begin PBXProject section */
		367F3BB01F7E337D002222EB /* Project object */ = {
			isa = PBXProject;
			attributes = {
				LastSwiftUpdateCheck = 0830;
				LastUpgradeCheck = 0830;
				ORGANIZATIONNAME = "Lê Anh Tuấn";
				TargetAttributes = {
					367F3BB71F7E337D002222EB = {
						CreatedOnToolsVersion = 8.3.3;
						DevelopmentTeam = VGQU7EVXZV;
						ProvisioningStyle = Automatic;
					};
				};
			};
			buildConfigurationList = 367F3BB31F7E337D002222EB /* Build configuration list for PBXProject "Eventify" */;
			compatibilityVersion = "Xcode 3.2";
			developmentRegion = English;
			hasScannedForEncodings = 0;
			knownRegions = (
				en,
				Base,
			);
			mainGroup = 367F3BAF1F7E337D002222EB;
			productRefGroup = 367F3BB91F7E337D002222EB /* Products */;
			projectDirPath = "";
			projectRoot = "";
			targets = (
				367F3BB71F7E337D002222EB /* Eventify */,
			);
		};
/* End PBXProject section */

/* Begin PBXResourcesBuildPhase section */
		367F3BB61F7E337D002222EB /* Resources */ = {
			isa = PBXResourcesBuildPhase;
			buildActionMask = 2147483647;
			files = (
				36001ADF1F83C7A20031A1EE /* WWCalendarTimeSelector.storyboard in Resources */,
				36B7622E1F7E9C83009D3BE9 /* EventsCell.xib in Resources */,
				367F3BFA1F7E34EB002222EB /* Main.storyboard in Resources */,
				3699BFBF1F7E435100D37DDC /* GoogleService-Info.plist in Resources */,
				362C5E101F80ADF20033F9DB /* TicketCells.xib in Resources */,
				367F3C141F7E3639002222EB /* Images.xcassets in Resources */,
				36001B0E1F875ED10031A1EE /* EventTypeCell.xib in Resources */,
				367F3BF91F7E34EB002222EB /* LaunchScreen.storyboard in Resources */,
			);
			runOnlyForDeploymentPostprocessing = 0;
		};
/* End PBXResourcesBuildPhase section */

/* Begin PBXShellScriptBuildPhase section */
		4E606D4BDBFD5DD25E7623B7 /* [CP] Copy Pods Resources */ = {
			isa = PBXShellScriptBuildPhase;
			buildActionMask = 2147483647;
			files = (
			);
			inputPaths = (
				"${SRCROOT}/Pods/Target Support Files/Pods-Eventify/Pods-Eventify-resources.sh",
				"${PODS_ROOT}/GoogleSignIn/Resources/GoogleSignIn.bundle",
			);
			name = "[CP] Copy Pods Resources";
			outputPaths = (
				"${TARGET_BUILD_DIR}/${UNLOCALIZED_RESOURCES_FOLDER_PATH}",
			);
			runOnlyForDeploymentPostprocessing = 0;
			shellPath = /bin/sh;
			shellScript = "\"${SRCROOT}/Pods/Target Support Files/Pods-Eventify/Pods-Eventify-resources.sh\"\n";
			showEnvVarsInLog = 0;
		};
		51C38383B26B195E19BEDE06 /* [CP] Check Pods Manifest.lock */ = {
			isa = PBXShellScriptBuildPhase;
			buildActionMask = 2147483647;
			files = (
			);
			inputPaths = (
				"${PODS_PODFILE_DIR_PATH}/Podfile.lock",
				"${PODS_ROOT}/Manifest.lock",
			);
			name = "[CP] Check Pods Manifest.lock";
			outputPaths = (
				"$(DERIVED_FILE_DIR)/Pods-Eventify-checkManifestLockResult.txt",
			);
			runOnlyForDeploymentPostprocessing = 0;
			shellPath = /bin/sh;
			shellScript = "diff \"${PODS_PODFILE_DIR_PATH}/Podfile.lock\" \"${PODS_ROOT}/Manifest.lock\" > /dev/null\nif [ $? != 0 ] ; then\n    # print error to STDERR\n    echo \"error: The sandbox is not in sync with the Podfile.lock. Run 'pod install' or update your CocoaPods installation.\" >&2\n    exit 1\nfi\n# This output is used by Xcode 'outputs' to avoid re-running this script phase.\necho \"SUCCESS\" > \"${SCRIPT_OUTPUT_FILE_0}\"\n";
			showEnvVarsInLog = 0;
		};
		8E7364A844F796350DE32B6E /* [CP] Embed Pods Frameworks */ = {
			isa = PBXShellScriptBuildPhase;
			buildActionMask = 2147483647;
			files = (
			);
			inputPaths = (
				"${SRCROOT}/Pods/Target Support Files/Pods-Eventify/Pods-Eventify-frameworks.sh",
				"${BUILT_PRODUCTS_DIR}/Dollar/Dollar.framework",
				"${BUILT_PRODUCTS_DIR}/GTMOAuth2/GTMOAuth2.framework",
				"${BUILT_PRODUCTS_DIR}/GTMSessionFetcher/GTMSessionFetcher.framework",
				"${BUILT_PRODUCTS_DIR}/Gloss/Gloss.framework",
				"${BUILT_PRODUCTS_DIR}/GoogleToolboxForMac/GoogleToolboxForMac.framework",
				"${BUILT_PRODUCTS_DIR}/SkyFloatingLabelTextField/SkyFloatingLabelTextField.framework",
				"${BUILT_PRODUCTS_DIR}/leveldb-library/leveldb.framework",
				"${BUILT_PRODUCTS_DIR}/nanopb/nanopb.framework",
			);
			name = "[CP] Embed Pods Frameworks";
			outputPaths = (
				"${TARGET_BUILD_DIR}/${FRAMEWORKS_FOLDER_PATH}/Dollar.framework",
				"${TARGET_BUILD_DIR}/${FRAMEWORKS_FOLDER_PATH}/GTMOAuth2.framework",
				"${TARGET_BUILD_DIR}/${FRAMEWORKS_FOLDER_PATH}/GTMSessionFetcher.framework",
				"${TARGET_BUILD_DIR}/${FRAMEWORKS_FOLDER_PATH}/Gloss.framework",
				"${TARGET_BUILD_DIR}/${FRAMEWORKS_FOLDER_PATH}/GoogleToolboxForMac.framework",
				"${TARGET_BUILD_DIR}/${FRAMEWORKS_FOLDER_PATH}/SkyFloatingLabelTextField.framework",
				"${TARGET_BUILD_DIR}/${FRAMEWORKS_FOLDER_PATH}/leveldb.framework",
				"${TARGET_BUILD_DIR}/${FRAMEWORKS_FOLDER_PATH}/nanopb.framework",
			);
			runOnlyForDeploymentPostprocessing = 0;
			shellPath = /bin/sh;
			shellScript = "\"${SRCROOT}/Pods/Target Support Files/Pods-Eventify/Pods-Eventify-frameworks.sh\"\n";
			showEnvVarsInLog = 0;
		};
/* End PBXShellScriptBuildPhase section */

/* Begin PBXSourcesBuildPhase section */
		367F3BB41F7E337D002222EB /* Sources */ = {
			isa = PBXSourcesBuildPhase;
			buildActionMask = 2147483647;
			files = (
				367F3BF51F7E34EB002222EB /* EventServices.swift in Sources */,
				36001ADC1F83C7A20031A1EE /* NSDate+Timepiece.swift in Sources */,
				36B762341F7E9CF5009D3BE9 /* DiscoverVC.swift in Sources */,
				367F3BEC1F7E34EB002222EB /* AppDelegate.swift in Sources */,
				362C5E051F8094800033F9DB /* NewTicketVC.swift in Sources */,
				367F3C0E1F7E35FD002222EB /* ProfileVC.swift in Sources */,
				367F3BED1F7E34EB002222EB /* Extensions+Data.swift in Sources */,
				36001AE01F83C7A20031A1EE /* WWCalendarTimeSelector.swift in Sources */,
				36001AE21F83F8360031A1EE /* Extensions+Double.swift in Sources */,
				367F3BFF1F7E35C4002222EB /* LaunchVC.swift in Sources */,
				367F3C121F7E3612002222EB /* SignUpVC.swift in Sources */,
				362C5E0B1F80A1930033F9DB /* Extensions+Int.swift in Sources */,
				36B762371F7E9D32009D3BE9 /* EditProfileVC.swift in Sources */,
				367F3BFD1F7E3537002222EB /* UserObject.swift in Sources */,
				362C5E141F810D760033F9DB /* EventTypeObject.swift in Sources */,
				36001AD91F83C7A20031A1EE /* Duration.swift in Sources */,
				367F3BF21F7E34EB002222EB /* Extensions+UIActivityIndicatorView.swift in Sources */,
				36001B091F874A7C0031A1EE /* EventTypesVC.swift in Sources */,
				362C5E121F810CD10033F9DB /* EventObject.swift in Sources */,
				367F3BEE1F7E34EB002222EB /* Extensions+Date.swift in Sources */,
				367F3BF11F7E34EB002222EB /* Extensions+String.swift in Sources */,
				362C5E091F809F150033F9DB /* TicketManager.swift in Sources */,
				362C5E0F1F80ADF20033F9DB /* TicketCells.swift in Sources */,
				36001ADB1F83C7A20031A1EE /* NSCalendar+Timepiece.swift in Sources */,
				362C5E021F8093C10033F9DB /* TicketsManagerVC.swift in Sources */,
				367F3C161F7E375D002222EB /* Extensions+UIViewController.swift in Sources */,
				367F3BEF1F7E34EB002222EB /* Extensions+HTTPURLResponse.swift in Sources */,
				367F3BF61F7E34EB002222EB /* UserServices.swift in Sources */,
				36001ADD1F83C7A20031A1EE /* NSDateComponents+Timepiece.swift in Sources */,
				367F3C181F7E37C3002222EB /* Helpers.swift in Sources */,
				36B7623A1F7FB2CB009D3BE9 /* NewEventVC.swift in Sources */,
				367F3C101F7E360A002222EB /* SignInVC.swift in Sources */,
				36B7622D1F7E9C83009D3BE9 /* EventsCell.swift in Sources */,
				36001B121F8775160031A1EE /* SettingsVC.swift in Sources */,
				36001ADA1F83C7A20031A1EE /* Int+Timepiece.swift in Sources */,
				367F3BF31F7E34EB002222EB /* Extensions+UIImageView.swift in Sources */,
				36001B0D1F875ED10031A1EE /* EventTypeCell.swift in Sources */,
				36001B061F8747C40031A1EE /* TypeEventServices.swift in Sources */,
				367F3BF41F7E34EB002222EB /* Extensions+UINavigationController.swift in Sources */,
				367F3BF01F7E34EB002222EB /* Extensions+NSError.swift in Sources */,
				362C5E071F809E290033F9DB /* TicketObject.swift in Sources */,
				36001ADE1F83C7A20031A1EE /* String+Timepiece.swift in Sources */,
				367F3C011F7E35F3002222EB /* ForgotPasswordVC.swift in Sources */,
				36B7622C1F7E9C83009D3BE9 /* DetailEventVC.swift in Sources */,
			);
			runOnlyForDeploymentPostprocessing = 0;
		};
/* End PBXSourcesBuildPhase section */

/* Begin XCBuildConfiguration section */
		367F3BC81F7E337D002222EB /* Debug */ = {
			isa = XCBuildConfiguration;
			buildSettings = {
				ALWAYS_SEARCH_USER_PATHS = NO;
				CLANG_ANALYZER_NONNULL = YES;
				CLANG_ANALYZER_NUMBER_OBJECT_CONVERSION = YES_AGGRESSIVE;
				CLANG_CXX_LANGUAGE_STANDARD = "gnu++0x";
				CLANG_CXX_LIBRARY = "libc++";
				CLANG_ENABLE_MODULES = YES;
				CLANG_ENABLE_OBJC_ARC = YES;
				CLANG_WARN_BOOL_CONVERSION = YES;
				CLANG_WARN_CONSTANT_CONVERSION = YES;
				CLANG_WARN_DIRECT_OBJC_ISA_USAGE = YES_ERROR;
				CLANG_WARN_DOCUMENTATION_COMMENTS = YES;
				CLANG_WARN_EMPTY_BODY = YES;
				CLANG_WARN_ENUM_CONVERSION = YES;
				CLANG_WARN_INFINITE_RECURSION = YES;
				CLANG_WARN_INT_CONVERSION = YES;
				CLANG_WARN_OBJC_ROOT_CLASS = YES_ERROR;
				CLANG_WARN_SUSPICIOUS_MOVE = YES;
				CLANG_WARN_UNREACHABLE_CODE = YES;
				CLANG_WARN__DUPLICATE_METHOD_MATCH = YES;
				"CODE_SIGN_IDENTITY[sdk=iphoneos*]" = "iPhone Developer";
				COPY_PHASE_STRIP = NO;
				DEBUG_INFORMATION_FORMAT = dwarf;
				ENABLE_STRICT_OBJC_MSGSEND = YES;
				ENABLE_TESTABILITY = YES;
				GCC_C_LANGUAGE_STANDARD = gnu99;
				GCC_DYNAMIC_NO_PIC = NO;
				GCC_NO_COMMON_BLOCKS = YES;
				GCC_OPTIMIZATION_LEVEL = 0;
				GCC_PREPROCESSOR_DEFINITIONS = (
					"DEBUG=1",
					"$(inherited)",
				);
				GCC_WARN_64_TO_32_BIT_CONVERSION = YES;
				GCC_WARN_ABOUT_RETURN_TYPE = YES_ERROR;
				GCC_WARN_UNDECLARED_SELECTOR = YES;
				GCC_WARN_UNINITIALIZED_AUTOS = YES_AGGRESSIVE;
				GCC_WARN_UNUSED_FUNCTION = YES;
				GCC_WARN_UNUSED_VARIABLE = YES;
				IPHONEOS_DEPLOYMENT_TARGET = 10.3;
				MTL_ENABLE_DEBUG_INFO = YES;
				ONLY_ACTIVE_ARCH = YES;
				SDKROOT = iphoneos;
				SWIFT_ACTIVE_COMPILATION_CONDITIONS = DEBUG;
				SWIFT_OPTIMIZATION_LEVEL = "-Onone";
				TARGETED_DEVICE_FAMILY = "1,2";
			};
			name = Debug;
		};
		367F3BC91F7E337D002222EB /* Release */ = {
			isa = XCBuildConfiguration;
			buildSettings = {
				ALWAYS_SEARCH_USER_PATHS = NO;
				CLANG_ANALYZER_NONNULL = YES;
				CLANG_ANALYZER_NUMBER_OBJECT_CONVERSION = YES_AGGRESSIVE;
				CLANG_CXX_LANGUAGE_STANDARD = "gnu++0x";
				CLANG_CXX_LIBRARY = "libc++";
				CLANG_ENABLE_MODULES = YES;
				CLANG_ENABLE_OBJC_ARC = YES;
				CLANG_WARN_BOOL_CONVERSION = YES;
				CLANG_WARN_CONSTANT_CONVERSION = YES;
				CLANG_WARN_DIRECT_OBJC_ISA_USAGE = YES_ERROR;
				CLANG_WARN_DOCUMENTATION_COMMENTS = YES;
				CLANG_WARN_EMPTY_BODY = YES;
				CLANG_WARN_ENUM_CONVERSION = YES;
				CLANG_WARN_INFINITE_RECURSION = YES;
				CLANG_WARN_INT_CONVERSION = YES;
				CLANG_WARN_OBJC_ROOT_CLASS = YES_ERROR;
				CLANG_WARN_SUSPICIOUS_MOVE = YES;
				CLANG_WARN_UNREACHABLE_CODE = YES;
				CLANG_WARN__DUPLICATE_METHOD_MATCH = YES;
				"CODE_SIGN_IDENTITY[sdk=iphoneos*]" = "iPhone Developer";
				COPY_PHASE_STRIP = NO;
				DEBUG_INFORMATION_FORMAT = "dwarf-with-dsym";
				ENABLE_NS_ASSERTIONS = NO;
				ENABLE_STRICT_OBJC_MSGSEND = YES;
				GCC_C_LANGUAGE_STANDARD = gnu99;
				GCC_NO_COMMON_BLOCKS = YES;
				GCC_WARN_64_TO_32_BIT_CONVERSION = YES;
				GCC_WARN_ABOUT_RETURN_TYPE = YES_ERROR;
				GCC_WARN_UNDECLARED_SELECTOR = YES;
				GCC_WARN_UNINITIALIZED_AUTOS = YES_AGGRESSIVE;
				GCC_WARN_UNUSED_FUNCTION = YES;
				GCC_WARN_UNUSED_VARIABLE = YES;
				IPHONEOS_DEPLOYMENT_TARGET = 10.3;
				MTL_ENABLE_DEBUG_INFO = NO;
				SDKROOT = iphoneos;
				SWIFT_OPTIMIZATION_LEVEL = "-Owholemodule";
				TARGETED_DEVICE_FAMILY = "1,2";
				VALIDATE_PRODUCT = YES;
			};
			name = Release;
		};
		367F3BCB1F7E337D002222EB /* Debug */ = {
			isa = XCBuildConfiguration;
			baseConfigurationReference = 84574092EFF458EE0F57B42B /* Pods-Eventify.debug.xcconfig */;
			buildSettings = {
				ASSETCATALOG_COMPILER_APPICON_NAME = AppIcon;
				DEVELOPMENT_TEAM = VGQU7EVXZV;
				INFOPLIST_FILE = "$(SRCROOT)/Eventify/Supporting Files/Info.plist";
				LD_RUNPATH_SEARCH_PATHS = "$(inherited) @executable_path/Frameworks";
				PRODUCT_BUNDLE_IDENTIFIER = com.anhtuan.Eventify;
				PRODUCT_NAME = "$(TARGET_NAME)";
				SWIFT_VERSION = 3.0;
			};
			name = Debug;
		};
		367F3BCC1F7E337D002222EB /* Release */ = {
			isa = XCBuildConfiguration;
			baseConfigurationReference = CE4C4C96B1CFBB71E8A2529A /* Pods-Eventify.release.xcconfig */;
			buildSettings = {
				ASSETCATALOG_COMPILER_APPICON_NAME = AppIcon;
				DEVELOPMENT_TEAM = VGQU7EVXZV;
				INFOPLIST_FILE = "$(SRCROOT)/Eventify/Supporting Files/Info.plist";
				LD_RUNPATH_SEARCH_PATHS = "$(inherited) @executable_path/Frameworks";
				PRODUCT_BUNDLE_IDENTIFIER = com.anhtuan.Eventify;
				PRODUCT_NAME = "$(TARGET_NAME)";
				SWIFT_VERSION = 3.0;
			};
			name = Release;
		};
/* End XCBuildConfiguration section */

/* Begin XCConfigurationList section */
		367F3BB31F7E337D002222EB /* Build configuration list for PBXProject "Eventify" */ = {
			isa = XCConfigurationList;
			buildConfigurations = (
				367F3BC81F7E337D002222EB /* Debug */,
				367F3BC91F7E337D002222EB /* Release */,
			);
			defaultConfigurationIsVisible = 0;
			defaultConfigurationName = Release;
		};
		367F3BCA1F7E337D002222EB /* Build configuration list for PBXNativeTarget "Eventify" */ = {
			isa = XCConfigurationList;
			buildConfigurations = (
				367F3BCB1F7E337D002222EB /* Debug */,
				367F3BCC1F7E337D002222EB /* Release */,
			);
			defaultConfigurationIsVisible = 0;
			defaultConfigurationName = Release;
		};
/* End XCConfigurationList section */
	};
	rootObject = 367F3BB01F7E337D002222EB /* Project object */;
}
